{
  "name": "weixin-bot-sdk-test",
  "version": "0.1.0",
  "lockfileVersion": 3,
  "requires": true,
  "packages": {
    "": {
      "name": "weixin-bot-sdk-test",
      "version": "0.1.0",
      "dependencies": {
        "@4claw/weixin-bot-sdk": "file:../npm-sdk",
        "qrcode-terminal": "^0.12.0"
      },
      "engines": {
        "node": ">=22"
      }
    },
    "../npm-sdk": {
      "name": "@4claw/weixin-bot-sdk",
      "version": "0.1.0",
      "license": "MIT",
      "devDependencies": {
        "@types/node": "^22.15.3",
        "typescript": "^5.8.3"
      },
      "engines": {
        "node": ">=22"
      }
    },
    "node_modules/@4claw/weixin-bot-sdk": {
      "resolved": "../npm-sdk",
      "link": true
    },
    "node_modules/qrcode-terminal": {
      "version": "0.12.0",
      "resolved": "https://registry.npmjs.org/qrcode-terminal/-/qrcode-terminal-0.12.0.tgz",
      "integrity": "sha512-EXtzRZmC+YGmGlDFbXKxQiMZNwCLEO6BANKXG4iCtSIM0yqc/pappSx3RIKr4r0uh5JsBckOXeKrB3Iz7mdQpQ==",
      "bin": {
        "qrcode-terminal": "bin/qrcode-terminal.js"
      }
    }
  }
}
